// !$*UTF8*$!
{
	archiveVersion = 1;
	classes = {
	};
	objectVersion = 56;
	objects = {

/* Begin PBXBuildFile section */
		DA377F262A9973ED0070A998 /* .xcodesamplecode.plist in Resources */ = {isa = PBXBuildFile; fileRef = DA377F252A9973ED0070A998 /* .xcodesamplecode.plist */; };
		DA377F2D2A99FF360070A998 /* Home.swift in Sources */ = {isa = PBXBuildFile; fileRef = DA377F2C2A99FF360070A998 /* Home.swift */; };
		DA78F1D52A9C5790003311AF /* Project.swift in Sources */ = {isa = PBXBuildFile; fileRef = DA78F1D42A9C5790003311AF /* Project.swift */; };
		DA9521902A9C715200B7BE95 /* ProjectRow.swift in Sources */ = {isa = PBXBuildFile; fileRef = DA95218F2A9C715200B7BE95 /* ProjectRow.swift */; };
		DA9D9E932A9BC014006F75B5 /* ProjectManager.swift in Sources */ = {isa = PBXBuildFile; fileRef = DA9D9E922A9BC014006F75B5 /* ProjectManager.swift */; };
		DABF02CD2A9D028200B19714 /* NSAlert+ShowMessage.swift in Sources */ = {isa = PBXBuildFile; fileRef = DABF02CC2A9D028200B19714 /* NSAlert+ShowMessage.swift */; };
		DAD4F8D62A9970D90064A31D /* XcodeMarkdownPreviewHelperApp.swift in Sources */ = {isa = PBXBuildFile; fileRef = DAD4F8D52A9970D90064A31D /* XcodeMarkdownPreviewHelperApp.swift */; };
		DAD4F8D82A9970D90064A31D /* ContentView.swift in Sources */ = {isa = PBXBuildFile; fileRef = DAD4F8D72A9970D90064A31D /* ContentView.swift */; };
		DAD4F8DA2A9970DA0064A31D /* Assets.xcassets in Resources */ = {isa = PBXBuildFile; fileRef = DAD4F8D92A9970DA0064A31D /* Assets.xcassets */; };
		DAD4F8DD2A9970DA0064A31D /* Preview Assets.xcassets in Resources */ = {isa = PBXBuildFile; fileRef = DAD4F8DC2A9970DA0064A31D /* Preview Assets.xcassets */; };
		DAD4F8E62A9971270064A31D /* XCHook in Frameworks */ = {isa = PBXBuildFile; productRef = DAD4F8E52A9971270064A31D /* XCHook */; };
/* End PBXBuildFile section */

/* Begin PBXFileReference section */
		DA377F242A9973A40070A998 /* README.md */ = {isa = PBXFileReference; lastKnownFileType = net.daringfireball.markdown; path = README.md; sourceTree = "<group>"; };
		DA377F252A9973ED0070A998 /* .xcodesamplecode.plist */ = {isa = PBXFileReference; lastKnownFileType = text.plist.xml; path = .xcodesamplecode.plist; sourceTree = "<group>"; };
		DA377F2C2A99FF360070A998 /* Home.swift */ = {isa = PBXFileReference; lastKnownFileType = sourcecode.swift; path = Home.swift; sourceTree = "<group>"; };
		DA78F1D42A9C5790003311AF /* Project.swift */ = {isa = PBXFileReference; lastKnownFileType = sourcecode.swift; path = Project.swift; sourceTree = "<group>"; };
		DA95218F2A9C715200B7BE95 /* ProjectRow.swift */ = {isa = PBXFileReference; lastKnownFileType = sourcecode.swift; path = ProjectRow.swift; sourceTree = "<group>"; };
		DA9D9E922A9BC014006F75B5 /* ProjectManager.swift */ = {isa = PBXFileReference; lastKnownFileType = sourcecode.swift; path = ProjectManager.swift; sourceTree = "<group>"; };
		DABF02CC2A9D028200B19714 /* NSAlert+ShowMessage.swift */ = {isa = PBXFileReference; lastKnownFileType = sourcecode.swift; path = "NSAlert+ShowMessage.swift"; sourceTree = "<group>"; };
		DAD4F8D22A9970D90064A31D /* XcodeMarkdownPreviewHelper.app */ = {isa = PBXFileReference; explicitFileType = wrapper.application; includeInIndex = 0; path = XcodeMarkdownPreviewHelper.app; sourceTree = BUILT_PRODUCTS_DIR; };
		DAD4F8D52A9970D90064A31D /* XcodeMarkdownPreviewHelperApp.swift */ = {isa = PBXFileReference; lastKnownFileType = sourcecode.swift; path = XcodeMarkdownPreviewHelperApp.swift; sourceTree = "<group>"; };
		DAD4F8D72A9970D90064A31D /* ContentView.swift */ = {isa = PBXFileReference; lastKnownFileType = sourcecode.swift; path = ContentView.swift; sourceTree = "<group>"; };
		DAD4F8D92A9970DA0064A31D /* Assets.xcassets */ = {isa = PBXFileReference; lastKnownFileType = folder.assetcatalog; path = Assets.xcassets; sourceTree = "<group>"; };
		DAD4F8DC2A9970DA0064A31D /* Preview Assets.xcassets */ = {isa = PBXFileReference; lastKnownFileType = folder.assetcatalog; path = "Preview Assets.xcassets"; sourceTree = "<group>"; };
		DAD4F8DE2A9970DA0064A31D /* XcodeMarkdownPreviewHelper.entitlements */ = {isa = PBXFileReference; lastKnownFileType = text.plist.entitlements; path = XcodeMarkdownPreviewHelper.entitlements; sourceTree = "<group>"; };
/* End PBXFileReference section */

/* Begin PBXFrameworksBuildPhase section */
		DAD4F8CF2A9970D90064A31D /* Frameworks */ = {
			isa = PBXFrameworksBuildPhase;
			buildActionMask = 2147483647;
			files = (
				DAD4F8E62A9971270064A31D /* XCHook in Frameworks */,
			);
			runOnlyForDeploymentPostprocessing = 0;
		};
/* End PBXFrameworksBuildPhase section */

/* Begin PBXGroup section */
		DA377F272A9979130070A998 /* Resources */ = {
			isa = PBXGroup;
			children = (
				DA377F252A9973ED0070A998 /* .xcodesamplecode.plist */,
			);
			path = Resources;
			sourceTree = "<group>";
		};
		DA9521912A9C834900B7BE95 /* Models */ = {
			isa = PBXGroup;
			children = (
				DA78F1D42A9C5790003311AF /* Project.swift */,
			);
			path = Models;
			sourceTree = "<group>";
		};
		DA9521922A9C834E00B7BE95 /* Controllers */ = {
			isa = PBXGroup;
			children = (
				DA9D9E922A9BC014006F75B5 /* ProjectManager.swift */,
			);
			path = Controllers;
			sourceTree = "<group>";
		};
		DA9521932A9C835300B7BE95 /* Views */ = {
			isa = PBXGroup;
			children = (
				DA377F2C2A99FF360070A998 /* Home.swift */,
				DA95218F2A9C715200B7BE95 /* ProjectRow.swift */,
			);
			path = Views;
			sourceTree = "<group>";
		};
		DAD4F8C92A9970D90064A31D = {
			isa = PBXGroup;
			children = (
				DAD4F8D42A9970D90064A31D /* XcodeMarkdownPreviewHelper */,
				DAD4F8D32A9970D90064A31D /* Products */,
			);
			sourceTree = "<group>";
		};
		DAD4F8D32A9970D90064A31D /* Products */ = {
			isa = PBXGroup;
			children = (
				DAD4F8D22A9970D90064A31D /* XcodeMarkdownPreviewHelper.app */,
			);
			name = Products;
			sourceTree = "<group>";
		};
		DAD4F8D42A9970D90064A31D /* XcodeMarkdownPreviewHelper */ = {
			isa = PBXGroup;
			children = (
				DAD4F8D52A9970D90064A31D /* XcodeMarkdownPreviewHelperApp.swift */,
				DA9521932A9C835300B7BE95 /* Views */,
				DA9521922A9C834E00B7BE95 /* Controllers */,
				DA9521912A9C834900B7BE95 /* Models */,
				DA377F272A9979130070A998 /* Resources */,
				DA377F242A9973A40070A998 /* README.md */,
				DAD4F8D92A9970DA0064A31D /* Assets.xcassets */,
				DAD4F8DE2A9970DA0064A31D /* XcodeMarkdownPreviewHelper.entitlements */,
				DAD4F8D72A9970D90064A31D /* ContentView.swift */,
				DAD4F8DB2A9970DA0064A31D /* Preview Content */,
				DABF02CC2A9D028200B19714 /* NSAlert+ShowMessage.swift */,
			);
			path = XcodeMarkdownPreviewHelper;
			sourceTree = "<group>";
		};
		DAD4F8DB2A9970DA0064A31D /* Preview Content */ = {
			isa = PBXGroup;
			children = (
				DAD4F8DC2A9970DA0064A31D /* Preview Assets.xcassets */,
			);
			path = "Preview Content";
			sourceTree = "<group>";
		};
/* End PBXGroup section */

/* Begin PBXNativeTarget section */
		DAD4F8D12A9970D90064A31D /* XcodeMarkdownPreviewHelper */ = {
			isa = PBXNativeTarget;
			buildConfigurationList = DAD4F8E12A9970DA0064A31D /* Build configuration list for PBXNativeTarget "XcodeMarkdownPreviewHelper" */;
			buildPhases = (
				DAD4F8CE2A9970D90064A31D /* Sources */,
				DAD4F8CF2A9970D90064A31D /* Frameworks */,
				DAD4F8D02A9970D90064A31D /* Resources */,
			);
			buildRules = (
			);
			dependencies = (
			);
			name = XcodeMarkdownPreviewHelper;
			packageProductDependencies = (
				DAD4F8E52A9971270064A31D /* XCHook */,
			);
			productName = XcodeMarkdownPreviewHelper;
			productReference = DAD4F8D22A9970D90064A31D /* XcodeMarkdownPreviewHelper.app */;
			productType = "com.apple.product-type.application";
		};
/* End PBXNativeTarget section */

/* Begin PBXProject section */
		DAD4F8CA2A9970D90064A31D /* Project object */ = {
			isa = PBXProject;
			attributes = {
				BuildIndependentTargetsInParallel = 1;
				LastSwiftUpdateCheck = 1430;
				LastUpgradeCheck = 1430;
				TargetAttributes = {
					DAD4F8D12A9970D90064A31D = {
						CreatedOnToolsVersion = 14.3.1;
					};
				};
			};
			buildConfigurationList = DAD4F8CD2A9970D90064A31D /* Build configuration list for PBXProject "XcodeMarkdownPreviewHelper" */;
			compatibilityVersion = "Xcode 14.0";
			developmentRegion = en;
			hasScannedForEncodings = 0;
			knownRegions = (
				en,
				Base,
			);
			mainGroup = DAD4F8C92A9970D90064A31D;
			packageReferences = (
				DAD4F8E42A9971270064A31D /* XCRemoteSwiftPackageReference "XCHook" */,
			);
			productRefGroup = DAD4F8D32A9970D90064A31D /* Products */;
			projectDirPath = "";
			projectRoot = "";
			targets = (
				DAD4F8D12A9970D90064A31D /* XcodeMarkdownPreviewHelper */,
			);
		};
/* End PBXProject section */

/* Begin PBXResourcesBuildPhase section */
		DAD4F8D02A9970D90064A31D /* Resources */ = {
			isa = PBXResourcesBuildPhase;
			buildActionMask = 2147483647;
			files = (
				DAD4F8DD2A9970DA0064A31D /* Preview Assets.xcassets in Resources */,
				DAD4F8DA2A9970DA0064A31D /* Assets.xcassets in Resources */,
				DA377F262A9973ED0070A998 /* .xcodesamplecode.plist in Resources */,
			);
			runOnlyForDeploymentPostprocessing = 0;
		};
/* End PBXResourcesBuildPhase section */

/* Begin PBXSourcesBuildPhase section */
		DAD4F8CE2A9970D90064A31D /* Sources */ = {
			isa = PBXSourcesBuildPhase;
			buildActionMask = 2147483647;
			files = (
				DA9521902A9C715200B7BE95 /* ProjectRow.swift in Sources */,
				DAD4F8D82A9970D90064A31D /* ContentView.swift in Sources */,
				DAD4F8D62A9970D90064A31D /* XcodeMarkdownPreviewHelperApp.swift in Sources */,
				DA9D9E932A9BC014006F75B5 /* ProjectManager.swift in Sources */,
				DABF02CD2A9D028200B19714 /* NSAlert+ShowMessage.swift in Sources */,
				DA78F1D52A9C5790003311AF /* Project.swift in Sources */,
				DA377F2D2A99FF360070A998 /* Home.swift in Sources */,
			);
			runOnlyForDeploymentPostprocessing = 0;
		};
/* End PBXSourcesBuildPhase section */

/* Begin XCBuildConfiguration section */
		DAD4F8DF2A9970DA0064A31D /* Debug */ = {
			isa = XCBuildConfiguration;
			buildSettings = {
				ALWAYS_SEARCH_USER_PATHS = NO;
				CLANG_ANALYZER_NONNULL = YES;
				CLANG_ANALYZER_NUMBER_OBJECT_CONVERSION = YES_AGGRESSIVE;
				CLANG_CXX_LANGUAGE_STANDARD = "gnu++20";
				CLANG_ENABLE_MODULES = YES;
				CLANG_ENABLE_OBJC_ARC = YES;
				CLANG_ENABLE_OBJC_WEAK = YES;
				CLANG_WARN_BLOCK_CAPTURE_AUTORELEASING = YES;
				CLANG_WARN_BOOL_CONVERSION = YES;
				CLANG_WARN_COMMA = YES;
				CLANG_WARN_CONSTANT_CONVERSION = YES;
				CLANG_WARN_DEPRECATED_OBJC_IMPLEMENTATIONS = YES;
				CLANG_WARN_DIRECT_OBJC_ISA_USAGE = YES_ERROR;
				CLANG_WARN_DOCUMENTATION_COMMENTS = YES;
				CLANG_WARN_EMPTY_BODY = YES;
				CLANG_WARN_ENUM_CONVERSION = YES;
				CLANG_WARN_INFINITE_RECURSION = YES;
				CLANG_WARN_INT_CONVERSION = YES;
				CLANG_WARN_NON_LITERAL_NULL_CONVERSION = YES;
				CLANG_WARN_OBJC_IMPLICIT_RETAIN_SELF = YES;
				CLANG_WARN_OBJC_LITERAL_CONVERSION = YES;
				CLANG_WARN_OBJC_ROOT_CLASS = YES_ERROR;
				CLANG_WARN_QUOTED_INCLUDE_IN_FRAMEWORK_HEADER = YES;
				CLANG_WARN_RANGE_LOOP_ANALYSIS = YES;
				CLANG_WARN_STRICT_PROTOTYPES = YES;
				CLANG_WARN_SUSPICIOUS_MOVE = YES;
				CLANG_WARN_UNGUARDED_AVAILABILITY = YES_AGGRESSIVE;
				CLANG_WARN_UNREACHABLE_CODE = YES;
				CLANG_WARN__DUPLICATE_METHOD_MATCH = YES;
				COPY_PHASE_STRIP = NO;
				DEBUG_INFORMATION_FORMAT = dwarf;
				ENABLE_STRICT_OBJC_MSGSEND = YES;
				ENABLE_TESTABILITY = YES;
				GCC_C_LANGUAGE_STANDARD = gnu11;
				GCC_DYNAMIC_NO_PIC = NO;
				GCC_NO_COMMON_BLOCKS = YES;
				GCC_OPTIMIZATION_LEVEL = 0;
				GCC_PREPROCESSOR_DEFINITIONS = (
					"DEBUG=1",
					"$(inherited)",
				);
				GCC_WARN_64_TO_32_BIT_CONVERSION = YES;
				GCC_WARN_ABOUT_RETURN_TYPE = YES_ERROR;
				GCC_WARN_UNDECLARED_SELECTOR = YES;
				GCC_WARN_UNINITIALIZED_AUTOS = YES_AGGRESSIVE;
				GCC_WARN_UNUSED_FUNCTION = YES;
				GCC_WARN_UNUSED_VARIABLE = YES;
				MACOSX_DEPLOYMENT_TARGET = 13.3;
				MTL_ENABLE_DEBUG_INFO = INCLUDE_SOURCE;
				MTL_FAST_MATH = YES;
				ONLY_ACTIVE_ARCH = YES;
				SDKROOT = macosx;
				SWIFT_ACTIVE_COMPILATION_CONDITIONS = DEBUG;
				SWIFT_OPTIMIZATION_LEVEL = "-Onone";
			};
			name = Debug;
		};
		DAD4F8E02A9970DA0064A31D /* Release */ = {
			isa = XCBuildConfiguration;
			buildSettings = {
				ALWAYS_SEARCH_USER_PATHS = NO;
				CLANG_ANALYZER_NONNULL = YES;
				CLANG_ANALYZER_NUMBER_OBJECT_CONVERSION = YES_AGGRESSIVE;
				CLANG_CXX_LANGUAGE_STANDARD = "gnu++20";
				CLANG_ENABLE_MODULES = YES;
				CLANG_ENABLE_OBJC_ARC = YES;
				CLANG_ENABLE_OBJC_WEAK = YES;
				CLANG_WARN_BLOCK_CAPTURE_AUTORELEASING = YES;
				CLANG_WARN_BOOL_CONVERSION = YES;
				CLANG_WARN_COMMA = YES;
				CLANG_WARN_CONSTANT_CONVERSION = YES;
				CLANG_WARN_DEPRECATED_OBJC_IMPLEMENTATIONS = YES;
				CLANG_WARN_DIRECT_OBJC_ISA_USAGE = YES_ERROR;
				CLANG_WARN_DOCUMENTATION_COMMENTS = YES;
				CLANG_WARN_EMPTY_BODY = YES;
				CLANG_WARN_ENUM_CONVERSION = YES;
				CLANG_WARN_INFINITE_RECURSION = YES;
				CLANG_WARN_INT_CONVERSION = YES;
				CLANG_WARN_NON_LITERAL_NULL_CONVERSION = YES;
				CLANG_WARN_OBJC_IMPLICIT_RETAIN_SELF = YES;
				CLANG_WARN_OBJC_LITERAL_CONVERSION = YES;
				CLANG_WARN_OBJC_ROOT_CLASS = YES_ERROR;
				CLANG_WARN_QUOTED_INCLUDE_IN_FRAMEWORK_HEADER = YES;
				CLANG_WARN_RANGE_LOOP_ANALYSIS = YES;
				CLANG_WARN_STRICT_PROTOTYPES = YES;
				CLANG_WARN_SUSPICIOUS_MOVE = YES;
				CLANG_WARN_UNGUARDED_AVAILABILITY = YES_AGGRESSIVE;
				CLANG_WARN_UNREACHABLE_CODE = YES;
				CLANG_WARN__DUPLICATE_METHOD_MATCH = YES;
				COPY_PHASE_STRIP = NO;
				DEBUG_INFORMATION_FORMAT = "dwarf-with-dsym";
				ENABLE_NS_ASSERTIONS = NO;
				ENABLE_STRICT_OBJC_MSGSEND = YES;
				GCC_C_LANGUAGE_STANDARD = gnu11;
				GCC_NO_COMMON_BLOCKS = YES;
				GCC_WARN_64_TO_32_BIT_CONVERSION = YES;
				GCC_WARN_ABOUT_RETURN_TYPE = YES_ERROR;
				GCC_WARN_UNDECLARED_SELECTOR = YES;
				GCC_WARN_UNINITIALIZED_AUTOS = YES_AGGRESSIVE;
				GCC_WARN_UNUSED_FUNCTION = YES;
				GCC_WARN_UNUSED_VARIABLE = YES;
				MACOSX_DEPLOYMENT_TARGET = 13.3;
				MTL_ENABLE_DEBUG_INFO = NO;
				MTL_FAST_MATH = YES;
				SDKROOT = macosx;
				SWIFT_COMPILATION_MODE = wholemodule;
				SWIFT_OPTIMIZATION_LEVEL = "-O";
			};
			name = Release;
		};
		DAD4F8E22A9970DA0064A31D /* Debug */ = {
			isa = XCBuildConfiguration;
			buildSettings = {
				ASSETCATALOG_COMPILER_APPICON_NAME = AppIcon;
				ASSETCATALOG_COMPILER_GLOBAL_ACCENT_COLOR_NAME = AccentColor;
				CODE_SIGN_ENTITLEMENTS = XcodeMarkdownPreviewHelper/XcodeMarkdownPreviewHelper.entitlements;
				CODE_SIGN_STYLE = Automatic;
				COMBINE_HIDPI_IMAGES = YES;
				CURRENT_PROJECT_VERSION = 1;
				DEVELOPMENT_ASSET_PATHS = "\"XcodeMarkdownPreviewHelper/Preview Content\"";
				DEVELOPMENT_TEAM = BWMJMJK727;
				ENABLE_HARDENED_RUNTIME = YES;
				ENABLE_PREVIEWS = YES;
				GENERATE_INFOPLIST_FILE = YES;
				INFOPLIST_KEY_NSHumanReadableCopyright = "";
				LD_RUNPATH_SEARCH_PATHS = (
					"$(inherited)",
					"@executable_path/../Frameworks",
				);
				MARKETING_VERSION = 1.0;
				PRODUCT_BUNDLE_IDENTIFIER = com.ikeh1024.XcodeMarkdownPreviewHelper;
				PRODUCT_NAME = "$(TARGET_NAME)";
				SWIFT_EMIT_LOC_STRINGS = YES;
				SWIFT_VERSION = 5.0;
			};
			name = Debug;
		};
		DAD4F8E32A9970DA0064A31D /* Release */ = {
			isa = XCBuildConfiguration;
			buildSettings = {
				ASSETCATALOG_COMPILER_APPICON_NAME = AppIcon;
				ASSETCATALOG_COMPILER_GLOBAL_ACCENT_COLOR_NAME = AccentColor;
				CODE_SIGN_ENTITLEMENTS = XcodeMarkdownPreviewHelper/XcodeMarkdownPreviewHelper.entitlements;
				CODE_SIGN_STYLE = Automatic;
				COMBINE_HIDPI_IMAGES = YES;
				CURRENT_PROJECT_VERSION = 1;
				DEVELOPMENT_ASSET_PATHS = "\"XcodeMarkdownPreviewHelper/Preview Content\"";
				DEVELOPMENT_TEAM = BWMJMJK727;
				ENABLE_HARDENED_RUNTIME = YES;
				ENABLE_PREVIEWS = YES;
				GENERATE_INFOPLIST_FILE = YES;
				INFOPLIST_KEY_NSHumanReadableCopyright = "";
				LD_RUNPATH_SEARCH_PATHS = (
					"$(inherited)",
					"@executable_path/../Frameworks",
				);
				MARKETING_VERSION = 1.0;
				PRODUCT_BUNDLE_IDENTIFIER = com.ikeh1024.XcodeMarkdownPreviewHelper;
				PRODUCT_NAME = "$(TARGET_NAME)";
				SWIFT_EMIT_LOC_STRINGS = YES;
				SWIFT_VERSION = 5.0;
			};
			name = Release;
		};
/* End XCBuildConfiguration section */

/* Begin XCConfigurationList section */
		DAD4F8CD2A9970D90064A31D /* Build configuration list for PBXProject "XcodeMarkdownPreviewHelper" */ = {
			isa = XCConfigurationList;
			buildConfigurations = (
				DAD4F8DF2A9970DA0064A31D /* Debug */,
				DAD4F8E02A9970DA0064A31D /* Release */,
			);
			defaultConfigurationIsVisible = 0;
			defaultConfigurationName = Release;
		};
		DAD4F8E12A9970DA0064A31D /* Build configuration list for PBXNativeTarget "XcodeMarkdownPreviewHelper" */ = {
			isa = XCConfigurationList;
			buildConfigurations = (
				DAD4F8E22A9970DA0064A31D /* Debug */,
				DAD4F8E32A9970DA0064A31D /* Release */,
			);
			defaultConfigurationIsVisible = 0;
			defaultConfigurationName = Release;
		};
/* End XCConfigurationList section */

/* Begin XCRemoteSwiftPackageReference section */
		DAD4F8E42A9971270064A31D /* XCRemoteSwiftPackageReference "XCHook" */ = {
			isa = XCRemoteSwiftPackageReference;
			repositoryURL = "https://github.com/Kyome22/XCHook";
			requirement = {
				kind = upToNextMajorVersion;
				minimumVersion = 0.1.6;
			};
		};
/* End XCRemoteSwiftPackageReference section */

/* Begin XCSwiftPackageProductDependency section */
		DAD4F8E52A9971270064A31D /* XCHook */ = {
			isa = XCSwiftPackageProductDependency;
			package = DAD4F8E42A9971270064A31D /* XCRemoteSwiftPackageReference "XCHook" */;
			productName = XCHook;
		};
/* End XCSwiftPackageProductDependency section */
	};
	rootObject = DAD4F8CA2A9970D90064A31D /* Project object */;
}
